// !$*UTF8*$!
{
	archiveVersion = 1;
	classes = {
	};
	objectVersion = 50;
	objects = {

/* Begin PBXBuildFile section */
		01881853247B3BAD00F2A9A2 /* AppDelegate.swift in Sources */ = {isa = PBXBuildFile; fileRef = 01881852247B3BAD00F2A9A2 /* AppDelegate.swift */; };
		01881855247B3BAD00F2A9A2 /* SceneDelegate.swift in Sources */ = {isa = PBXBuildFile; fileRef = 01881854247B3BAD00F2A9A2 /* SceneDelegate.swift */; };
		01881857247B3BAD00F2A9A2 /* ViewController.swift in Sources */ = {isa = PBXBuildFile; fileRef = 01881856247B3BAD00F2A9A2 /* ViewController.swift */; };
		0188185A247B3BAD00F2A9A2 /* Main.storyboard in Resources */ = {isa = PBXBuildFile; fileRef = 01881858247B3BAD00F2A9A2 /* Main.storyboard */; };
		0188185C247B3BB000F2A9A2 /* Assets.xcassets in Resources */ = {isa = PBXBuildFile; fileRef = 0188185B247B3BB000F2A9A2 /* Assets.xcassets */; };
		0188185F247B3BB000F2A9A2 /* LaunchScreen.storyboard in Resources */ = {isa = PBXBuildFile; fileRef = 0188185D247B3BB000F2A9A2 /* LaunchScreen.storyboard */; };
/* End PBXBuildFile section */

/* Begin PBXFileReference section */
		0188184F247B3BAD00F2A9A2 /* ColorChanges.app */ = {isa = PBXFileReference; explicitFileType = wrapper.application; includeInIndex = 0; path = ColorChanges.app; sourceTree = BUILT_PRODUCTS_DIR; };
		01881852247B3BAD00F2A9A2 /* AppDelegate.swift */ = {isa = PBXFileReference; lastKnownFileType = sourcecode.swift; path = AppDelegate.swift; sourceTree = "<group>"; };
		01881854247B3BAD00F2A9A2 /* SceneDelegate.swift */ = {isa = PBXFileReference; lastKnownFileType = sourcecode.swift; path = SceneDelegate.swift; sourceTree = "<group>"; };
		01881856247B3BAD00F2A9A2 /* ViewController.swift */ = {isa = PBXFileReference; lastKnownFileType = sourcecode.swift; path = ViewController.swift; sourceTree = "<group>"; };
		01881859247B3BAD00F2A9A2 /* Base */ = {isa = PBXFileReference; lastKnownFileType = file.storyboard; name = Base; path = Base.lproj/Main.storyboard; sourceTree = "<group>"; };
		0188185B247B3BB000F2A9A2 /* Assets.xcassets */ = {isa = PBXFileReference; lastKnownFileType = folder.assetcatalog; path = Assets.xcassets; sourceTree = "<group>"; };
		0188185E247B3BB000F2A9A2 /* Base */ = {isa = PBXFileReference; lastKnownFileType = file.storyboard; name = Base; path = Base.lproj/LaunchScreen.storyboard; sourceTree = "<group>"; };
		01881860247B3BB000F2A9A2 /* Info.plist */ = {isa = PBXFileReference; lastKnownFileType = text.plist.xml; path = Info.plist; sourceTree = "<group>"; };
/* End PBXFileReference section */

/* Begin PBXFrameworksBuildPhase section */
		0188184C247B3BAD00F2A9A2 /* Frameworks */ = {
			isa = PBXFrameworksBuildPhase;
			buildActionMask = 2147483647;
			files = (
			);
			runOnlyForDeploymentPostprocessing = 0;
		};
/* End PBXFrameworksBuildPhase section */

/* Begin PBXGroup section */
		01881846247B3BAD00F2A9A2 = {
			isa = PBXGroup;
			children = (
				01881851247B3BAD00F2A9A2 /* ColorChanges */,
				01881850247B3BAD00F2A9A2 /* Products */,
			);
			sourceTree = "<group>";
		};
		01881850247B3BAD00F2A9A2 /* Products */ = {
			isa = PBXGroup;
			children = (
				0188184F247B3BAD00F2A9A2 /* ColorChanges.app */,
			);
			name = Products;
			sourceTree = "<group>";
		};
		01881851247B3BAD00F2A9A2 /* ColorChanges */ = {
			isa = PBXGroup;
			children = (
				01881852247B3BAD00F2A9A2 /* AppDelegate.swift */,
				01881854247B3BAD00F2A9A2 /* SceneDelegate.swift */,
				01881856247B3BAD00F2A9A2 /* ViewController.swift */,
				01881858247B3BAD00F2A9A2 /* Main.storyboard */,
				0188185B247B3BB000F2A9A2 /* Assets.xcassets */,
				0188185D247B3BB000F2A9A2 /* LaunchScreen.storyboard */,
				01881860247B3BB000F2A9A2 /* Info.plist */,
			);
			path = ColorChanges;
			sourceTree = "<group>";
		};
/* End PBXGroup section */

/* Begin PBXNativeTarget section */
		0188184E247B3BAD00F2A9A2 /* ColorChanges */ = {
			isa = PBXNativeTarget;
			buildConfigurationList = 01881863247B3BB000F2A9A2 /* Build configuration list for PBXNativeTarget "ColorChanges" */;
			buildPhases = (
				0188184B247B3BAD00F2A9A2 /* Sources */,
				0188184C247B3BAD00F2A9A2 /* Frameworks */,
				0188184D247B3BAD00F2A9A2 /* Resources */,
			);
			buildRules = (
			);
			dependencies = (
			);
			name = ColorChanges;
			productName = ColorChanges;
			productReference = 0188184F247B3BAD00F2A9A2 /* ColorChanges.app */;
			productType = "com.apple.product-type.application";
		};
/* End PBXNativeTarget section */

/* Begin PBXProject section */
		01881847247B3BAD00F2A9A2 /* Project object */ = {
			isa = PBXProject;
			attributes = {
				LastSwiftUpdateCheck = 1150;
				LastUpgradeCheck = 1150;
				ORGANIZATIONNAME = "Efim Nina";
				TargetAttributes = {
					0188184E247B3BAD00F2A9A2 = {
						CreatedOnToolsVersion = 11.5;
					};
				};
			};
			buildConfigurationList = 0188184A247B3BAD00F2A9A2 /* Build configuration list for PBXProject "ColorChanges" */;
			compatibilityVersion = "Xcode 9.3";
			developmentRegion = en;
			hasScannedForEncodings = 0;
			knownRegions = (
				en,
				Base,
			);
			mainGroup = 01881846247B3BAD00F2A9A2;
			productRefGroup = 01881850247B3BAD00F2A9A2 /* Products */;
			projectDirPath = "";
			projectRoot = "";
			targets = (
				0188184E247B3BAD00F2A9A2 /* ColorChanges */,
			);
		};
/* End PBXProject section */

/* Begin PBXResourcesBuildPhase section */
		0188184D247B3BAD00F2A9A2 /* Resources */ = {
			isa = PBXResourcesBuildPhase;
			buildActionMask = 2147483647;
			files = (
				0188185F247B3BB000F2A9A2 /* LaunchScreen.storyboard in Resources */,
				0188185C247B3BB000F2A9A2 /* Assets.xcassets in Resources */,
				0188185A247B3BAD00F2A9A2 /* Main.storyboard in Resources */,
			);
			runOnlyForDeploymentPostprocessing = 0;
		};
/* End PBXResourcesBuildPhase section */

/* Begin PBXSourcesBuildPhase section */
		0188184B247B3BAD00F2A9A2 /* Sources */ = {
			isa = PBXSourcesBuildPhase;
			buildActionMask = 2147483647;
			files = (
				01881857247B3BAD00F2A9A2 /* ViewController.swift in Sources */,
				01881853247B3BAD00F2A9A2 /* AppDelegate.swift in Sources */,
				01881855247B3BAD00F2A9A2 /* SceneDelegate.swift in Sources */,
			);
			runOnlyForDeploymentPostprocessing = 0;
		};
/* End PBXSourcesBuildPhase section */

/* Begin PBXVariantGroup section */
		01881858247B3BAD00F2A9A2 /* Main.storyboard */ = {
			isa = PBXVariantGroup;
			children = (
				01881859247B3BAD00F2A9A2 /* Base */,
			);
			name = Main.storyboard;
			sourceTree = "<group>";
		};
		0188185D247B3BB000F2A9A2 /* LaunchScreen.storyboard */ = {
			isa = PBXVariantGroup;
			children = (
				0188185E247B3BB000F2A9A2 /* Base */,
			);
			name = LaunchScreen.storyboard;
			sourceTree = "<group>";
		};
/* End PBXVariantGroup section */

/* Begin XCBuildConfiguration section */
		01881861247B3BB000F2A9A2 /* Debug */ = {
			isa = XCBuildConfiguration;
			buildSettings = {
				ALWAYS_SEARCH_USER_PATHS = NO;
				CLANG_ANALYZER_NONNULL = YES;
				CLANG_ANALYZER_NUMBER_OBJECT_CONVERSION = YES_AGGRESSIVE;
				CLANG_CXX_LANGUAGE_STANDARD = "gnu++14";
				CLANG_CXX_LIBRARY = "libc++";
				CLANG_ENABLE_MODULES = YES;
				CLANG_ENABLE_OBJC_ARC = YES;
				CLANG_ENABLE_OBJC_WEAK = YES;
				CLANG_WARN_BLOCK_CAPTURE_AUTORELEASING = YES;
				CLANG_WARN_BOOL_CONVERSION = YES;
				CLANG_WARN_COMMA = YES;
				CLANG_WARN_CONSTANT_CONVERSION = YES;
				CLANG_WARN_DEPRECATED_OBJC_IMPLEMENTATIONS = YES;
				CLANG_WARN_DIRECT_OBJC_ISA_USAGE = YES_ERROR;
				CLANG_WARN_DOCUMENTATION_COMMENTS = YES;
				CLANG_WARN_EMPTY_BODY = YES;
				CLANG_WARN_ENUM_CONVERSION = YES;
				CLANG_WARN_INFINITE_RECURSION = YES;
				CLANG_WARN_INT_CONVERSION = YES;
				CLANG_WARN_NON_LITERAL_NULL_CONVERSION = YES;
				CLANG_WARN_OBJC_IMPLICIT_RETAIN_SELF = YES;
				CLANG_WARN_OBJC_LITERAL_CONVERSION = YES;
				CLANG_WARN_OBJC_ROOT_CLASS = YES_ERROR;
				CLANG_WARN_RANGE_LOOP_ANALYSIS = YES;
				CLANG_WARN_STRICT_PROTOTYPES = YES;
				CLANG_WARN_SUSPICIOUS_MOVE = YES;
				CLANG_WARN_UNGUARDED_AVAILABILITY = YES_AGGRESSIVE;
				CLANG_WARN_UNREACHABLE_CODE = YES;
				CLANG_WARN__DUPLICATE_METHOD_MATCH = YES;
				COPY_PHASE_STRIP = NO;
				DEBUG_INFORMATION_FORMAT = dwarf;
				ENABLE_STRICT_OBJC_MSGSEND = YES;
				ENABLE_TESTABILITY = YES;
				GCC_C_LANGUAGE_STANDARD = gnu11;
				GCC_DYNAMIC_NO_PIC = NO;
				GCC_NO_COMMON_BLOCKS = YES;
				GCC_OPTIMIZATION_LEVEL = 0;
				GCC_PREPROCESSOR_DEFINITIONS = (
					"DEBUG=1",
					"$(inherited)",
				);
				GCC_WARN_64_TO_32_BIT_CONVERSION = YES;
				GCC_WARN_ABOUT_RETURN_TYPE = YES_ERROR;
				GCC_WARN_UNDECLARED_SELECTOR = YES;
				GCC_WARN_UNINITIALIZED_AUTOS = YES_AGGRESSIVE;
				GCC_WARN_UNUSED_FUNCTION = YES;
				GCC_WARN_UNUSED_VARIABLE = YES;
				IPHONEOS_DEPLOYMENT_TARGET = 13.5;
				MTL_ENABLE_DEBUG_INFO = INCLUDE_SOURCE;
				MTL_FAST_MATH = YES;
				ONLY_ACTIVE_ARCH = YES;
				SDKROOT = iphoneos;
				SWIFT_ACTIVE_COMPILATION_CONDITIONS = DEBUG;
				SWIFT_OPTIMIZATION_LEVEL = "-Onone";
			};
			name = Debug;
		};
		01881862247B3BB000F2A9A2 /* Release */ = {
			isa = XCBuildConfiguration;
			buildSettings = {
				ALWAYS_SEARCH_USER_PATHS = NO;
				CLANG_ANALYZER_NONNULL = YES;
				CLANG_ANALYZER_NUMBER_OBJECT_CONVERSION = YES_AGGRESSIVE;
				CLANG_CXX_LANGUAGE_STANDARD = "gnu++14";
				CLANG_CXX_LIBRARY = "libc++";
				CLANG_ENABLE_MODULES = YES;
				CLANG_ENABLE_OBJC_ARC = YES;
				CLANG_ENABLE_OBJC_WEAK = YES;
				CLANG_WARN_BLOCK_CAPTURE_AUTORELEASING = YES;
				CLANG_WARN_BOOL_CONVERSION = YES;
				CLANG_WARN_COMMA = YES;
				CLANG_WARN_CONSTANT_CONVERSION = YES;
				CLANG_WARN_DEPRECATED_OBJC_IMPLEMENTATIONS = YES;
				CLANG_WARN_DIRECT_OBJC_ISA_USAGE = YES_ERROR;
				CLANG_WARN_DOCUMENTATION_COMMENTS = YES;
				CLANG_WARN_EMPTY_BODY = YES;
				CLANG_WARN_ENUM_CONVERSION = YES;
				CLANG_WARN_INFINITE_RECURSION = YES;
				CLANG_WARN_INT_CONVERSION = YES;
				CLANG_WARN_NON_LITERAL_NULL_CONVERSION = YES;
				CLANG_WARN_OBJC_IMPLICIT_RETAIN_SELF = YES;
				CLANG_WARN_OBJC_LITERAL_CONVERSION = YES;
				CLANG_WARN_OBJC_ROOT_CLASS = YES_ERROR;
				CLANG_WARN_RANGE_LOOP_ANALYSIS = YES;
				CLANG_WARN_STRICT_PROTOTYPES = YES;
				CLANG_WARN_SUSPICIOUS_MOVE = YES;
				CLANG_WARN_UNGUARDED_AVAILABILITY = YES_AGGRESSIVE;
				CLANG_WARN_UNREACHABLE_CODE = YES;
				CLANG_WARN__DUPLICATE_METHOD_MATCH = YES;
				COPY_PHASE_STRIP = NO;
				DEBUG_INFORMATION_FORMAT = "dwarf-with-dsym";
				ENABLE_NS_ASSERTIONS = NO;
				ENABLE_STRICT_OBJC_MSGSEND = YES;
				GCC_C_LANGUAGE_STANDARD = gnu11;
				GCC_NO_COMMON_BLOCKS = YES;
				GCC_WARN_64_TO_32_BIT_CONVERSION = YES;
				GCC_WARN_ABOUT_RETURN_TYPE = YES_ERROR;
				GCC_WARN_UNDECLARED_SELECTOR = YES;
				GCC_WARN_UNINITIALIZED_AUTOS = YES_AGGRESSIVE;
				GCC_WARN_UNUSED_FUNCTION = YES;
				GCC_WARN_UNUSED_VARIABLE = YES;
				IPHONEOS_DEPLOYMENT_TARGET = 13.5;
				MTL_ENABLE_DEBUG_INFO = NO;
				MTL_FAST_MATH = YES;
				SDKROOT = iphoneos;
				SWIFT_COMPILATION_MODE = wholemodule;
				SWIFT_OPTIMIZATION_LEVEL = "-O";
				VALIDATE_PRODUCT = YES;
			};
			name = Release;
		};
		01881864247B3BB000F2A9A2 /* Debug */ = {
			isa = XCBuildConfiguration;
			buildSettings = {
				ASSETCATALOG_COMPILER_APPICON_NAME = AppIcon;
				CODE_SIGN_STYLE = Automatic;
				DEVELOPMENT_TEAM = 6T2K8SBPFK;
				INFOPLIST_FILE = ColorChanges/Info.plist;
				LD_RUNPATH_SEARCH_PATHS = (
					"$(inherited)",
					"@executable_path/Frameworks",
				);
				PRODUCT_BUNDLE_IDENTIFIER = com.efimnina.ColorChanges;
				PRODUCT_NAME = "$(TARGET_NAME)";
				SWIFT_VERSION = 5.0;
				TARGETED_DEVICE_FAMILY = "1,2";
			};
			name = Debug;
		};
		01881865247B3BB000F2A9A2 /* Release */ = {
			isa = XCBuildConfiguration;
			buildSettings = {
				ASSETCATALOG_COMPILER_APPICON_NAME = AppIcon;
				CODE_SIGN_STYLE = Automatic;
				DEVELOPMENT_TEAM = 6T2K8SBPFK;
				INFOPLIST_FILE = ColorChanges/Info.plist;
				LD_RUNPATH_SEARCH_PATHS = (
					"$(inherited)",
					"@executable_path/Frameworks",
				);
				PRODUCT_BUNDLE_IDENTIFIER = com.efimnina.ColorChanges;
				PRODUCT_NAME = "$(TARGET_NAME)";
				SWIFT_VERSION = 5.0;
				TARGETED_DEVICE_FAMILY = "1,2";
			};
			name = Release;
		};
/* End XCBuildConfiguration section */

/* Begin XCConfigurationList section */
		0188184A247B3BAD00F2A9A2 /* Build configuration list for PBXProject "ColorChanges" */ = {
			isa = XCConfigurationList;
			buildConfigurations = (
				01881861247B3BB000F2A9A2 /* Debug */,
				01881862247B3BB000F2A9A2 /* Release */,
			);
			defaultConfigurationIsVisible = 0;
			defaultConfigurationName = Release;
		};
		01881863247B3BB000F2A9A2 /* Build configuration list for PBXNativeTarget "ColorChanges" */ = {
			isa = XCConfigurationList;
			buildConfigurations = (
				01881864247B3BB000F2A9A2 /* Debug */,
				01881865247B3BB000F2A9A2 /* Release */,
			);
			defaultConfigurationIsVisible = 0;
			defaultConfigurationName = Release;
		};
/* End XCConfigurationList section */
	};
	rootObject = 01881847247B3BAD00F2A9A2 /* Project object */;
}
